# This file is generated by running "yarn install" inside your project.
# Manual changes might be lost - proceed with caution!

__metadata:
  version: 6
  cacheKey: 8

"@jbog/client@workspace:workspaces/apps/jbog/client":
  version: 0.0.0-use.local
  resolution: "@jbog/client@workspace:workspaces/apps/jbog/client"
  dependencies:
    "@jbog/dto": ^0.0.1
    "@rcurses/core": ^0.0.1
    "@rcurses/mvc": ^0.0.1
    "@rcurses/styles": ^0.0.1
    react: ^17.0.2
    react-dom: ^17.0.2
    typescript: ^4.6.2
  languageName: unknown
  linkType: soft

"@jbog/dto@^0.0.1, @jbog/dto@workspace:workspaces/apps/jbog/dto":
  version: 0.0.0-use.local
  resolution: "@jbog/dto@workspace:workspaces/apps/jbog/dto"
  dependencies:
    typescript: ^4.6.2
  languageName: unknown
  linkType: soft

"@jbog/server@workspace:workspaces/apps/jbog/server":
  version: 0.0.0-use.local
  resolution: "@jbog/server@workspace:workspaces/apps/jbog/server"
  dependencies:
    "@jbog/dto": ^0.0.1
    typescript: ^4.6.2
  languageName: unknown
  linkType: soft

"@rcurses/core@^0.0.1, @rcurses/core@workspace:workspaces/libs/core":
  version: 0.0.0-use.local
  resolution: "@rcurses/core@workspace:workspaces/libs/core"
  dependencies:
    react: ^17.0.2
    react-dom: ^17.0.2
    typescript: ^4.6.2
  languageName: unknown
  linkType: soft

"@rcurses/mvc@^0.0.1, @rcurses/mvc@workspace:workspaces/libs/mvc":
  version: 0.0.0-use.local
  resolution: "@rcurses/mvc@workspace:workspaces/libs/mvc"
  dependencies:
    react: ^17.0.2
    react-dom: ^17.0.2
    typescript: ^4.6.2
  languageName: unknown
  linkType: soft

"@rcurses/styles@^0.0.1, @rcurses/styles@workspace:workspaces/libs/styles":
  version: 0.0.0-use.local
  resolution: "@rcurses/styles@workspace:workspaces/libs/styles"
  languageName: unknown
  linkType: soft

"js-tokens@npm:^3.0.0 || ^4.0.0":
  version: 4.0.0
  resolution: "js-tokens@npm:4.0.0"
  checksum: 8a95213a5a77deb6cbe94d86340e8d9ace2b93bc367790b260101d2f36a2eaf4e4e22d9fa9cf459b38af3a32fb4190e638024cf82ec95ef708680e405ea7cc78
  languageName: node
  linkType: hard

"loose-envify@npm:^1.1.0":
  version: 1.4.0
  resolution: "loose-envify@npm:1.4.0"
  dependencies:
    js-tokens: ^3.0.0 || ^4.0.0
  bin:
    loose-envify: cli.js
  checksum: 6517e24e0cad87ec9888f500c5b5947032cdfe6ef65e1c1936a0c48a524b81e65542c9c3edc91c97d5bddc806ee2a985dbc79be89215d613b1de5db6d1cfe6f4
  languageName: node
  linkType: hard

"object-assign@npm:^4.1.1":
  version: 4.1.1
  resolution: "object-assign@npm:4.1.1"
  checksum: fcc6e4ea8c7fe48abfbb552578b1c53e0d194086e2e6bbbf59e0a536381a292f39943c6e9628af05b5528aa5e3318bb30d6b2e53cadaf5b8fe9e12c4b69af23f
  languageName: node
  linkType: hard

"rcurses@workspace:.":
  version: 0.0.0-use.local
  resolution: "rcurses@workspace:."
  languageName: unknown
  linkType: soft

"react-dom@npm:^17.0.2":
  version: 17.0.2
  resolution: "react-dom@npm:17.0.2"
  dependencies:
    loose-envify: ^1.1.0
    object-assign: ^4.1.1
    scheduler: ^0.20.2
  peerDependencies:
    react: 17.0.2
  checksum: 1c1eaa3bca7c7228d24b70932e3d7c99e70d1d04e13bb0843bbf321582bc25d7961d6b8a6978a58a598af2af496d1cedcfb1bf65f6b0960a0a8161cb8dab743c
  languageName: node
  linkType: hard

"react@npm:^17.0.2":
  version: 17.0.2
  resolution: "react@npm:17.0.2"
  dependencies:
    loose-envify: ^1.1.0
    object-assign: ^4.1.1
  checksum: b254cc17ce3011788330f7bbf383ab653c6848902d7936a87b09d835d091e3f295f7e9dd1597c6daac5dc80f90e778c8230218ba8ad599f74adcc11e33b9d61b
  languageName: node
  linkType: hard

"scheduler@npm:^0.20.2":
  version: 0.20.2
  resolution: "scheduler@npm:0.20.2"
  dependencies:
    loose-envify: ^1.1.0
    object-assign: ^4.1.1
  checksum: c4b35cf967c8f0d3e65753252d0f260271f81a81e427241295c5a7b783abf4ea9e905f22f815ab66676f5313be0a25f47be582254db8f9241b259213e999b8fc
  languageName: node
  linkType: hard

"typescript@npm:^4.6.2":
  version: 4.6.2
  resolution: "typescript@npm:4.6.2"
  bin:
    tsc: bin/tsc
    tsserver: bin/tsserver
  checksum: 8a44ed7e6f6c4cb1ebe8cf236ecda2fb119d84dcf0fbd77e707b2dfea1bbcfc4e366493a143513ce7f57203c75da9d4e20af6fe46de89749366351046be7577c
  languageName: node
  linkType: hard

"typescript@patch:typescript@^4.6.2#~builtin<compat/typescript>":
  version: 4.6.2
  resolution: "typescript@patch:typescript@npm%3A4.6.2#~builtin<compat/typescript>::version=4.6.2&hash=bda367"
  bin:
    tsc: bin/tsc
    tsserver: bin/tsserver
  checksum: 40b493a71747fb89fa70df104e2c4a5e284b43750af5bea024090a5261cefa387f7a9372411b13030f7bf5555cee4275443d08805642ae5c74ef76740854a4c7
  languageName: node
  linkType: hard
